
Microsoft Visual Studio Solution File, Format Version 12.00
# Visual Studio Version 16
VisualStudioVersion = 16.0.31402.337
MinimumVisualStudioVersion = 10.0.40219.1
Project("{FAE04EC0-301F-11D3-BF4B-00C04F79EFBC}") = "Avanade.SubTCSE.Projeto.Api", "Avanade.SubTCSE.Projeto.Api\Avanade.SubTCSE.Projeto.Api.csproj", "{D701ECD4-CAAB-4F72-8D1A-153CB3F9ED3C}"
EndProject
Global
	GlobalSection(SolutionConfigurationPlatforms) = preSolution
		Debug|Any CPU = Debug|Any CPU
		Release|Any CPU = Release|Any CPU
	EndGlobalSection
	GlobalSection(ProjectConfigurationPlatforms) = postSolution
		{D701ECD4-CAAB-4F72-8D1A-153CB3F9ED3C}.Debug|Any CPU.ActiveCfg = Debug|Any CPU
		{D701ECD4-CAAB-4F72-8D1A-153CB3F9ED3C}.Debug|Any CPU.Build.0 = Debug|Any CPU
		{D701ECD4-CAAB-4F72-8D1A-153CB3F9ED3C}.Release|Any CPU.ActiveCfg = Release|Any CPU
		{D701ECD4-CAAB-4F72-8D1A-153CB3F9ED3C}.Release|Any CPU.Build.0 = Release|Any CPU
	EndGlobalSection
	GlobalSection(SolutionProperties) = preSolution
		HideSolutionNode = FALSE
	EndGlobalSection
	GlobalSection(ExtensibilityGlobals) = postSolution
		SolutionGuid = {ADA6807A-919E-4B32-AD61-5E6BA5F202B3}
	EndGlobalSection
EndGlobal
